
Microsoft Visual Studio Solution File, Format Version 12.00
# Visual Studio Version 17
VisualStudioVersion = 17.14.36414.22 d17.14
MinimumVisualStudioVersion = 10.0.40219.1
Project("{FAE04EC0-301F-11D3-BF4B-00C04F79EFBC}") = "PTR.TPFinal.WebApp", "PTR.TPFinal.WebApp\PTR.TPFinal.WebApp.csproj", "{9E37F78C-53A7-A321-A353-708F20569E6C}"
EndProject
Project("{FAE04EC0-301F-11D3-BF4B-00C04F79EFBC}") = "PTR.TPFinal.Domain", "PTR.TPFinal.Domain\PTR.TPFinal.Domain.csproj", "{2417A847-C9EB-4909-A938-D942E095F828}"
EndProject
Project("{FAE04EC0-301F-11D3-BF4B-00C04F79EFBC}") = "PTR.TPFinal.Services", "PTR.TPFinal.Services\PTR.TPFinal.Services.csproj", "{47537480-5388-446A-ACE6-C3D36BD77D49}"
EndProject
Global
	GlobalSection(SolutionConfigurationPlatforms) = preSolution
		Debug|Any CPU = Debug|Any CPU
		Release|Any CPU = Release|Any CPU
	EndGlobalSection
	GlobalSection(ProjectConfigurationPlatforms) = postSolution
		{9E37F78C-53A7-A321-A353-708F20569E6C}.Debug|Any CPU.ActiveCfg = Debug|Any CPU
		{9E37F78C-53A7-A321-A353-708F20569E6C}.Debug|Any CPU.Build.0 = Debug|Any CPU
		{9E37F78C-53A7-A321-A353-708F20569E6C}.Release|Any CPU.ActiveCfg = Release|Any CPU
		{9E37F78C-53A7-A321-A353-708F20569E6C}.Release|Any CPU.Build.0 = Release|Any CPU
		{2417A847-C9EB-4909-A938-D942E095F828}.Debug|Any CPU.ActiveCfg = Debug|Any CPU
		{2417A847-C9EB-4909-A938-D942E095F828}.Debug|Any CPU.Build.0 = Debug|Any CPU
		{2417A847-C9EB-4909-A938-D942E095F828}.Release|Any CPU.ActiveCfg = Release|Any CPU
		{2417A847-C9EB-4909-A938-D942E095F828}.Release|Any CPU.Build.0 = Release|Any CPU
		{47537480-5388-446A-ACE6-C3D36BD77D49}.Debug|Any CPU.ActiveCfg = Debug|Any CPU
		{47537480-5388-446A-ACE6-C3D36BD77D49}.Debug|Any CPU.Build.0 = Debug|Any CPU
		{47537480-5388-446A-ACE6-C3D36BD77D49}.Release|Any CPU.ActiveCfg = Release|Any CPU
		{47537480-5388-446A-ACE6-C3D36BD77D49}.Release|Any CPU.Build.0 = Release|Any CPU
	EndGlobalSection
	GlobalSection(SolutionProperties) = preSolution
		HideSolutionNode = FALSE
	EndGlobalSection
	GlobalSection(ExtensibilityGlobals) = postSolution
		SolutionGuid = {F72C393B-F773-47AA-963D-E803464601E4}
	EndGlobalSection
EndGlobal
